
Microsoft Visual Studio Solution File, Format Version 12.00
# Visual Studio Version 17
VisualStudioVersion = 17.5.002.0
MinimumVisualStudioVersion = 10.0.40219.1
Project("{9A19103F-16F7-4668-BE54-9A1E7A4F7556}") = "FibonacciSeries", "FibonacciSeries.csproj", "{E752DAED-8365-429D-8F8B-96A98993FEB2}"
EndProject
Global
	GlobalSection(SolutionConfigurationPlatforms) = preSolution
		Debug|Any CPU = Debug|Any CPU
		Release|Any CPU = Release|Any CPU
	EndGlobalSection
	GlobalSection(ProjectConfigurationPlatforms) = postSolution
		{E752DAED-8365-429D-8F8B-96A98993FEB2}.Debug|Any CPU.ActiveCfg = Debug|Any CPU
		{E752DAED-8365-429D-8F8B-96A98993FEB2}.Debug|Any CPU.Build.0 = Debug|Any CPU
		{E752DAED-8365-429D-8F8B-96A98993FEB2}.Release|Any CPU.ActiveCfg = Release|Any CPU
		{E752DAED-8365-429D-8F8B-96A98993FEB2}.Release|Any CPU.Build.0 = Release|Any CPU
	EndGlobalSection
	GlobalSection(SolutionProperties) = preSolution
		HideSolutionNode = FALSE
	EndGlobalSection
	GlobalSection(ExtensibilityGlobals) = postSolution
		SolutionGuid = {F8F4D41F-A1CA-4022-B0CF-83F99EF200B7}
	EndGlobalSection
EndGlobal
